apiVersion: v1
kind: Secret
metadata:
    name: ttlock-secrets
    namespace: ttlock
type: Opaque
stringData:
    CLIENTID: ENC[AES256_GCM,data:MYU0BamoBikITUdE3lZyEZyPQENQG8wbTURvBDp9kJs=,iv:90wbHniD1N+rX7otNzlXtbHEF7ZZcTc96vxnzOK3K5o=,tag:HEUss+iOSh9bisAMItMMWA==,type:str]
    TOKEN: ENC[AES256_GCM,data:KIigqFgIfOu+mKUgWR+fSS6anEJ/Mr0Q9P65iRIXOT0=,iv:SYI1qbtR4ztf74Co3hIXytQGadSp3LFWzxnQf6u5N4c=,tag:0tDe232KQCthFrSs7BIC5A==,type:str]
sops:
    kms: []
    gcp_kms: []
    azure_kv: []
    hc_vault:
        - vault_address: https://knox.improwised.dev
          engine_path: sops
          key_name: musketeers
          created_at: "2023-09-13T06:46:09Z"
          enc: vault:v1:HEt+RP5XFj51T/9JI4I+u2YpJ5Ku6h4fgDgyAKxmUCCqafWgDoSiw68U05XbzqePKS/axGQt2Mg9t+d3GCYcKnxvZTQbBk8VTZembLvwJQNiZtjl+AYf/iLdwdwWekaayu3p0jjl7G1hdpH4eTlY1flQL25i4bsT0xX6fyRzRImDJmf6NwJJp6xBE5yDBtIg0kScL0p2xyHnWqnN7NPIYL24q1HEVB63ZqYuqaXrTadsGeSAK6KAm19LvPTEaMXzumgFZE9KYieSQ5L7F7FVawKa/InXDCF6MN/axjy/0uX7pohpA6MBFe1StB1TDzwSHLFP6YxXfEGa6sWEqjdBHPSgc3+NG1DYxFQnXSHXHJrS8kj993iJJH7uUpPnSWEqJzYPzt4sptCLfW6I+no651/EjKRnWsA3hWG9gAq40XO14/2yeMudY8M5ZrEQJxWFOWfOHmu4traazDQfc70MZNPplX6T3Nq85rF0h9F01DkGgkVFFV8kQvlZyyAvBXgOhfUVyhnMtNv+W7JCGDY2DNJKNCgAVPrpUL0MyTlMlwVY+uAFbO+4i0WNsUQpmS62VG8Jh+YxyPAH/ZEDizQkUFZrO9tGEjc//Ery4aurjwV4FdkbxID7gQJupOVCVo7K1sRcY2G8o0Xzbbwax7gxcN/OG9mm6Xeibgeto3lojAM=
    age: []
    lastmodified: "2023-09-13T06:46:09Z"
    mac: ENC[AES256_GCM,data:GlYG+Ps6pgPeiTu5/PdfZJ8QFiS88j8UxlA1WqBalPBnFhLfhWgFVt+n6F6krK2oCKBvpy1Jfk79smpTwQUF0k7qej4L/YWWMvzDfTjcskFyE2aEXNlXEWoIe0n10iiz8d1QfhrT744qoqxknzCUBwIZwberb6V1QHSYQ/ZvR4I=,iv:mfC8qbtalC65vA4cYK5IMiD/L38kFJ7UXhudnySJ6a4=,tag:X+i5wnhK/18SLXLNKOmJ2A==,type:str]
    pgp: []
    encrypted_regex: ^(stringData)$
    version: 3.8.0-rc.1
